
Microsoft Visual Studio Solution File, Format Version 12.00
# Visual Studio Version 17
VisualStudioVersion = 17.13.35825.156 d17.13
MinimumVisualStudioVersion = 10.0.40219.1
Project("{FAE04EC0-301F-11D3-BF4B-00C04F79EFBC}") = "book_management", "book_management\book_management.csproj", "{0E223B16-599A-437E-B87B-42378BA32D8D}"
EndProject
Global
	GlobalSection(SolutionConfigurationPlatforms) = preSolution
		Debug|Any CPU = Debug|Any CPU
		Release|Any CPU = Release|Any CPU
	EndGlobalSection
	GlobalSection(ProjectConfigurationPlatforms) = postSolution
		{0E223B16-599A-437E-B87B-42378BA32D8D}.Debug|Any CPU.ActiveCfg = Debug|Any CPU
		{0E223B16-599A-437E-B87B-42378BA32D8D}.Debug|Any CPU.Build.0 = Debug|Any CPU
		{0E223B16-599A-437E-B87B-42378BA32D8D}.Release|Any CPU.ActiveCfg = Release|Any CPU
		{0E223B16-599A-437E-B87B-42378BA32D8D}.Release|Any CPU.Build.0 = Release|Any CPU
	EndGlobalSection
	GlobalSection(SolutionProperties) = preSolution
		HideSolutionNode = FALSE
	EndGlobalSection
	GlobalSection(ExtensibilityGlobals) = postSolution
		SolutionGuid = {853D7010-8D8E-4046-B36A-915612C08FDF}
	EndGlobalSection
EndGlobal
